
Microsoft Visual Studio Solution File, Format Version 12.00
# Visual Studio Version 16
VisualStudioVersion = 16.0.33214.272
MinimumVisualStudioVersion = 10.0.40219.1
Project("{FAE04EC0-301F-11D3-BF4B-00C04F79EFBC}") = "Microsoft.CertGen.API", "Microsoft.CertGen\Microsoft.CertGen.API.csproj", "{1EEB9B3E-4982-4F24-B406-361EA6CAEB94}"
EndProject
Project("{FAE04EC0-301F-11D3-BF4B-00C04F79EFBC}") = "Microsoft.CertGen.Service", "Microsoft.CertGen.Service\Microsoft.CertGen.Service.csproj", "{FB93E1F6-753F-464F-85EA-728EAF73D9C5}"
EndProject
Global
	GlobalSection(SolutionConfigurationPlatforms) = preSolution
		Debug|Any CPU = Debug|Any CPU
		Release|Any CPU = Release|Any CPU
	EndGlobalSection
	GlobalSection(ProjectConfigurationPlatforms) = postSolution
		{1EEB9B3E-4982-4F24-B406-361EA6CAEB94}.Debug|Any CPU.ActiveCfg = Debug|Any CPU
		{1EEB9B3E-4982-4F24-B406-361EA6CAEB94}.Debug|Any CPU.Build.0 = Debug|Any CPU
		{1EEB9B3E-4982-4F24-B406-361EA6CAEB94}.Release|Any CPU.ActiveCfg = Release|Any CPU
		{1EEB9B3E-4982-4F24-B406-361EA6CAEB94}.Release|Any CPU.Build.0 = Release|Any CPU
		{FB93E1F6-753F-464F-85EA-728EAF73D9C5}.Debug|Any CPU.ActiveCfg = Debug|Any CPU
		{FB93E1F6-753F-464F-85EA-728EAF73D9C5}.Debug|Any CPU.Build.0 = Debug|Any CPU
		{FB93E1F6-753F-464F-85EA-728EAF73D9C5}.Release|Any CPU.ActiveCfg = Release|Any CPU
		{FB93E1F6-753F-464F-85EA-728EAF73D9C5}.Release|Any CPU.Build.0 = Release|Any CPU
	EndGlobalSection
	GlobalSection(SolutionProperties) = preSolution
		HideSolutionNode = FALSE
	EndGlobalSection
	GlobalSection(ExtensibilityGlobals) = postSolution
		SolutionGuid = {2038458C-4D81-4138-9283-0F1F1603A233}
	EndGlobalSection
EndGlobal
